
Microsoft Visual Studio Solution File, Format Version 12.00
# Visual Studio 14
VisualStudioVersion = 14.0.25420.1
MinimumVisualStudioVersion = 10.0.40219.1
Project("{FAE04EC0-301F-11D3-BF4B-00C04F79EFBC}") = "Project.MVC_WebAPI", "Project.MVC_WebAPI\Project.MVC_WebAPI.csproj", "{56E4D9C0-CD0A-4FBA-9B02-787DDA63DE5B}"
EndProject
Project("{FAE04EC0-301F-11D3-BF4B-00C04F79EFBC}") = "Project.DAL", "Project.DAL\Project.DAL.csproj", "{ECF7F610-9669-48AC-9ADD-F5DA983B4B03}"
EndProject
Project("{FAE04EC0-301F-11D3-BF4B-00C04F79EFBC}") = "Project.Repository", "Project.Repository\Project.Repository.csproj", "{BDAC5D45-B9C4-44C5-8B31-0DDB8EC16C2C}"
EndProject
Project("{FAE04EC0-301F-11D3-BF4B-00C04F79EFBC}") = "Project.Repository.Common", "Project.Repository.Common\Project.Repository.Common.csproj", "{27250F2A-F009-432C-8769-79809E528157}"
EndProject
Project("{FAE04EC0-301F-11D3-BF4B-00C04F79EFBC}") = "Project.Model", "Project.Model\Project.Model.csproj", "{7881E120-1240-4ABC-9851-D3B072FF5440}"
EndProject
Project("{FAE04EC0-301F-11D3-BF4B-00C04F79EFBC}") = "Project.Model.Common", "Project.Model.Common\Project.Model.Common.csproj", "{023CDEE6-497E-43C5-BF7C-4F13DFF5CA15}"
EndProject
Global
	GlobalSection(SolutionConfigurationPlatforms) = preSolution
		Debug|Any CPU = Debug|Any CPU
		Release|Any CPU = Release|Any CPU
	EndGlobalSection
	GlobalSection(ProjectConfigurationPlatforms) = postSolution
		{56E4D9C0-CD0A-4FBA-9B02-787DDA63DE5B}.Debug|Any CPU.ActiveCfg = Debug|Any CPU
		{56E4D9C0-CD0A-4FBA-9B02-787DDA63DE5B}.Debug|Any CPU.Build.0 = Debug|Any CPU
		{56E4D9C0-CD0A-4FBA-9B02-787DDA63DE5B}.Release|Any CPU.ActiveCfg = Release|Any CPU
		{56E4D9C0-CD0A-4FBA-9B02-787DDA63DE5B}.Release|Any CPU.Build.0 = Release|Any CPU
		{ECF7F610-9669-48AC-9ADD-F5DA983B4B03}.Debug|Any CPU.ActiveCfg = Debug|Any CPU
		{ECF7F610-9669-48AC-9ADD-F5DA983B4B03}.Debug|Any CPU.Build.0 = Debug|Any CPU
		{ECF7F610-9669-48AC-9ADD-F5DA983B4B03}.Release|Any CPU.ActiveCfg = Release|Any CPU
		{ECF7F610-9669-48AC-9ADD-F5DA983B4B03}.Release|Any CPU.Build.0 = Release|Any CPU
		{BDAC5D45-B9C4-44C5-8B31-0DDB8EC16C2C}.Debug|Any CPU.ActiveCfg = Debug|Any CPU
		{BDAC5D45-B9C4-44C5-8B31-0DDB8EC16C2C}.Debug|Any CPU.Build.0 = Debug|Any CPU
		{BDAC5D45-B9C4-44C5-8B31-0DDB8EC16C2C}.Release|Any CPU.ActiveCfg = Release|Any CPU
		{BDAC5D45-B9C4-44C5-8B31-0DDB8EC16C2C}.Release|Any CPU.Build.0 = Release|Any CPU
		{27250F2A-F009-432C-8769-79809E528157}.Debug|Any CPU.ActiveCfg = Debug|Any CPU
		{27250F2A-F009-432C-8769-79809E528157}.Debug|Any CPU.Build.0 = Debug|Any CPU
		{27250F2A-F009-432C-8769-79809E528157}.Release|Any CPU.ActiveCfg = Release|Any CPU
		{27250F2A-F009-432C-8769-79809E528157}.Release|Any CPU.Build.0 = Release|Any CPU
		{7881E120-1240-4ABC-9851-D3B072FF5440}.Debug|Any CPU.ActiveCfg = Debug|Any CPU
		{7881E120-1240-4ABC-9851-D3B072FF5440}.Debug|Any CPU.Build.0 = Debug|Any CPU
		{7881E120-1240-4ABC-9851-D3B072FF5440}.Release|Any CPU.ActiveCfg = Release|Any CPU
		{7881E120-1240-4ABC-9851-D3B072FF5440}.Release|Any CPU.Build.0 = Release|Any CPU
		{023CDEE6-497E-43C5-BF7C-4F13DFF5CA15}.Debug|Any CPU.ActiveCfg = Debug|Any CPU
		{023CDEE6-497E-43C5-BF7C-4F13DFF5CA15}.Debug|Any CPU.Build.0 = Debug|Any CPU
		{023CDEE6-497E-43C5-BF7C-4F13DFF5CA15}.Release|Any CPU.ActiveCfg = Release|Any CPU
		{023CDEE6-497E-43C5-BF7C-4F13DFF5CA15}.Release|Any CPU.Build.0 = Release|Any CPU
	EndGlobalSection
	GlobalSection(SolutionProperties) = preSolution
		HideSolutionNode = FALSE
	EndGlobalSection
EndGlobal
